
Microsoft Visual Studio Solution File, Format Version 12.00
# Visual Studio 15
VisualStudioVersion = 15.0.27428.2015
MinimumVisualStudioVersion = 10.0.40219.1
Project("{FAE04EC0-301F-11D3-BF4B-00C04F79EFBC}") = "Cola", "Cola\Cola.csproj", "{70384740-A51F-4C04-AEC6-F405DBA5A189}"
EndProject
Global
	GlobalSection(SolutionConfigurationPlatforms) = preSolution
		Debug|Any CPU = Debug|Any CPU
		Release|Any CPU = Release|Any CPU
	EndGlobalSection
	GlobalSection(ProjectConfigurationPlatforms) = postSolution
		{70384740-A51F-4C04-AEC6-F405DBA5A189}.Debug|Any CPU.ActiveCfg = Debug|Any CPU
		{70384740-A51F-4C04-AEC6-F405DBA5A189}.Debug|Any CPU.Build.0 = Debug|Any CPU
		{70384740-A51F-4C04-AEC6-F405DBA5A189}.Release|Any CPU.ActiveCfg = Release|Any CPU
		{70384740-A51F-4C04-AEC6-F405DBA5A189}.Release|Any CPU.Build.0 = Release|Any CPU
	EndGlobalSection
	GlobalSection(SolutionProperties) = preSolution
		HideSolutionNode = FALSE
	EndGlobalSection
	GlobalSection(ExtensibilityGlobals) = postSolution
		SolutionGuid = {8D5E3439-27A3-4323-9226-65DFF0993CB8}
	EndGlobalSection
EndGlobal
